
Microsoft Visual Studio Solution File, Format Version 12.00
# Visual Studio Version 16
VisualStudioVersion = 16.0.31702.278
MinimumVisualStudioVersion = 10.0.40219.1
Project("{9A19103F-16F7-4668-BE54-9A1E7A4F7556}") = "JsonToYaml", "JsonToYaml\JsonToYaml.csproj", "{51896FF9-7A2E-42EF-B952-F399409DBC72}"
EndProject
Project("{9A19103F-16F7-4668-BE54-9A1E7A4F7556}") = "ConsoleSample", "ConsoleSample\ConsoleSample.csproj", "{0C9E49E5-B7D4-4D95-97E1-B247D7A6640A}"
EndProject
Project("{FAE04EC0-301F-11D3-BF4B-00C04F79EFBC}") = "JsonToYaml.AspNetCore", "JsonToYaml.AspNetCore\JsonToYaml.AspNetCore.csproj", "{AE7DE8F9-B879-4EB5-A250-7C4477C3C61A}"
EndProject
Global
	GlobalSection(SolutionConfigurationPlatforms) = preSolution
		Debug|Any CPU = Debug|Any CPU
		Release|Any CPU = Release|Any CPU
	EndGlobalSection
	GlobalSection(ProjectConfigurationPlatforms) = postSolution
		{51896FF9-7A2E-42EF-B952-F399409DBC72}.Debug|Any CPU.ActiveCfg = Debug|Any CPU
		{51896FF9-7A2E-42EF-B952-F399409DBC72}.Debug|Any CPU.Build.0 = Debug|Any CPU
		{51896FF9-7A2E-42EF-B952-F399409DBC72}.Release|Any CPU.ActiveCfg = Release|Any CPU
		{51896FF9-7A2E-42EF-B952-F399409DBC72}.Release|Any CPU.Build.0 = Release|Any CPU
		{0C9E49E5-B7D4-4D95-97E1-B247D7A6640A}.Debug|Any CPU.ActiveCfg = Debug|Any CPU
		{0C9E49E5-B7D4-4D95-97E1-B247D7A6640A}.Debug|Any CPU.Build.0 = Debug|Any CPU
		{0C9E49E5-B7D4-4D95-97E1-B247D7A6640A}.Release|Any CPU.ActiveCfg = Release|Any CPU
		{0C9E49E5-B7D4-4D95-97E1-B247D7A6640A}.Release|Any CPU.Build.0 = Release|Any CPU
		{AE7DE8F9-B879-4EB5-A250-7C4477C3C61A}.Debug|Any CPU.ActiveCfg = Debug|Any CPU
		{AE7DE8F9-B879-4EB5-A250-7C4477C3C61A}.Debug|Any CPU.Build.0 = Debug|Any CPU
		{AE7DE8F9-B879-4EB5-A250-7C4477C3C61A}.Release|Any CPU.ActiveCfg = Release|Any CPU
		{AE7DE8F9-B879-4EB5-A250-7C4477C3C61A}.Release|Any CPU.Build.0 = Release|Any CPU
	EndGlobalSection
	GlobalSection(SolutionProperties) = preSolution
		HideSolutionNode = FALSE
	EndGlobalSection
	GlobalSection(ExtensibilityGlobals) = postSolution
		SolutionGuid = {7A59F9AF-B864-407A-9606-CC41321E2CE5}
	EndGlobalSection
EndGlobal
