
Microsoft Visual Studio Solution File, Format Version 12.00
# Visual Studio Version 16
VisualStudioVersion = 16.0.31702.278
MinimumVisualStudioVersion = 10.0.40219.1
Project("{FAE04EC0-301F-11D3-BF4B-00C04F79EFBC}") = "JsonToYaml", "JsonToYaml\JsonToYaml.csproj", "{51896FF9-7A2E-42EF-B952-F399409DBC72}"
EndProject
Project("{FAE04EC0-301F-11D3-BF4B-00C04F79EFBC}") = "ConsoleSample", "ConsoleSample\ConsoleSample.csproj", "{0C9E49E5-B7D4-4D95-97E1-B247D7A6640A}"
EndProject
Global
	GlobalSection(SolutionConfigurationPlatforms) = preSolution
		Debug|Any CPU = Debug|Any CPU
		Release|Any CPU = Release|Any CPU
	EndGlobalSection
	GlobalSection(ProjectConfigurationPlatforms) = postSolution
		{51896FF9-7A2E-42EF-B952-F399409DBC72}.Debug|Any CPU.ActiveCfg = Debug|Any CPU
		{51896FF9-7A2E-42EF-B952-F399409DBC72}.Debug|Any CPU.Build.0 = Debug|Any CPU
		{51896FF9-7A2E-42EF-B952-F399409DBC72}.Release|Any CPU.ActiveCfg = Release|Any CPU
		{51896FF9-7A2E-42EF-B952-F399409DBC72}.Release|Any CPU.Build.0 = Release|Any CPU
		{0C9E49E5-B7D4-4D95-97E1-B247D7A6640A}.Debug|Any CPU.ActiveCfg = Debug|Any CPU
		{0C9E49E5-B7D4-4D95-97E1-B247D7A6640A}.Debug|Any CPU.Build.0 = Debug|Any CPU
		{0C9E49E5-B7D4-4D95-97E1-B247D7A6640A}.Release|Any CPU.ActiveCfg = Release|Any CPU
		{0C9E49E5-B7D4-4D95-97E1-B247D7A6640A}.Release|Any CPU.Build.0 = Release|Any CPU
	EndGlobalSection
	GlobalSection(SolutionProperties) = preSolution
		HideSolutionNode = FALSE
	EndGlobalSection
	GlobalSection(ExtensibilityGlobals) = postSolution
		SolutionGuid = {7A59F9AF-B864-407A-9606-CC41321E2CE5}
	EndGlobalSection
EndGlobal
